#MicroXplorer Configuration settings - do not modify
Mcu.Family=STM32F7
NVIC.USART3_IRQn=true\:0\:0\:false\:false\:true\:true\:true
ProjectManager.MainLocation=Core/Src
RCC.MCOFreq_Value=72000000
VP_TIM5_VS_ClockSourceINT.Mode=Internal
PB13.GPIOParameters=GPIO_Label
RCC.USART1Freq_Value=36000000
RCC.SAI1Freq_Value=192000000
RCC.CortexFreq_Value=72000000
RCC.TIM17Freq_Value=72000000
PG6.Signal=GPIO_Output
I2C1.I2C_Speed_Mode=I2C_Standard
ProjectManager.KeepUserCode=true
Mcu.UserName=STM32F746ZGTx
PD9.GPIOParameters=GPIO_Label
VP_TIM5_VS_ClockSourceINT.Signal=TIM5_VS_ClockSourceINT
PG6.Locked=true
RCC.PLLCLKFreq_Value=72000000
PB14.GPIO_Label=LD3 [Red]
I2C1.I2C_Rise_Time=150
PG6.GPIO_Label=USB_PowerSwitchOn [STMPS2151STR_EN]
PA14.GPIO_Label=TCK
RCC.PLLQCLKFreq_Value=48000000
PC5.Locked=true
RCC.SYSCLKSourceVirtual=RCC_SYSCLKSOURCE_PLLCLK
PA12.GPIOParameters=GPIO_Label
ProjectManager.functionlistsort=1-MX_GPIO_Init-GPIO-false-HAL-true,2-SystemClock_Config-RCC-false-HAL-false,3-MX_USART3_UART_Init-USART3-false-LL-true,4-MX_I2C1_Init-I2C1-false-HAL-true,5-MX_TIM5_Init-TIM5-false-HAL-true,0-MX_CORTEX_M7_Init-CORTEX_M7-false-HAL-true
PA9.GPIOParameters=GPIO_Label
PD8.Locked=true
PA11.GPIOParameters=GPIO_Label
RCC.RTCFreq_Value=32000
PB0.GPIO_Label=LD1 [Green]
PC14/OSC32_IN.Mode=LSE-External-Oscillator
RCC.PLLI2SRCLKFreq_Value=192000000
RCC.USART2Freq_Value=36000000
PC13.GPIO_Label=USER_Btn [B1]
PC1.Locked=true
PB13.GPIO_Label=RMII_TXD1 [LAN8742A-CZ-TR_TXD1]
PB13.Signal=ETH_TXD1
PG13.Signal=ETH_TXD0
PA2.GPIOParameters=GPIO_Label
PD9.Mode=Asynchronous
PinOutPanel.RotationAngle=0
PG11.Signal=ETH_TX_EN
RCC.MCO1PinFreq_Value=16000000
RCC.SYSCLKSource=RCC_SYSCLKSOURCE_PLLCLK
ProjectManager.StackSize=0x400
SH.GPXTI13.0=GPIO_EXTI13
USART3.VirtualMode-Asynchronous=VM_ASYNC
RCC.I2C3Freq_Value=36000000
RCC.LPTIM1Freq_Value=36000000
Mcu.IP4=SYS
RCC.FCLKCortexFreq_Value=72000000
Mcu.IP5=TIM5
I2C1.IPParameters=Timing,I2C_Rise_Time,I2C_Fall_Time,I2C_Speed_Mode,Speed
Mcu.IP2=NVIC
NVIC.SVCall_IRQn=true\:0\:0\:false\:false\:true\:true\:false
Mcu.IP3=RCC
Mcu.IP0=CORTEX_M7
PA12.Locked=true
Mcu.IP1=I2C1
PA12.Signal=USB_OTG_FS_DP
USART3.BaudRate=38400
Mcu.UserConstants=
PC1.GPIOParameters=GPIO_Label
RCC.SDMMCFreq_Value=72000000
SH.GPXTI13.ConfNb=1
Mcu.ThirdPartyNb=0
PH0/OSC_IN.Mode=HSE-External-Clock-Source
RCC.HCLKFreq_Value=72000000
RCC.I2C4Freq_Value=36000000
Mcu.IPNb=7
RCC.I2SClocksFreq_Value=48000000
RCC.PLLI2SRoutputFreq_Value=192000000
ProjectManager.PreviousToolchain=STM32CubeIDE
RCC.APB2TimFreq_Value=72000000
RCC.SPDIFRXFreq_Value=192000000
RCC.VcooutputI2S=48000000
PH1/OSC_OUT.Signal=RCC_OSC_OUT
PD8.GPIOParameters=GPIO_Label
PA8.GPIOParameters=GPIO_Label
Mcu.Pin6=PA1
RCC.SAI2Freq_Value=192000000
Mcu.Pin7=PA2
PD8.Signal=USART3_TX
Mcu.Pin8=PA7
Mcu.Pin9=PC4
RCC.VCOSAIOutputFreq_Value=384000000
RCC.AHBFreq_Value=72000000
PB13.Locked=true
RCC.TIM2Freq_Value=72000000
Mcu.Pin0=PC13
Mcu.Pin1=PC14/OSC32_IN
GPIO.groupedBy=Group By Peripherals
Mcu.Pin2=PC15/OSC32_OUT
Mcu.Pin3=PH0/OSC_IN
RCC.USART3Freq_Value=36000000
Mcu.Pin4=PH1/OSC_OUT
Mcu.Pin5=PC1
RCC.PLLSAIRCLKFreq_Value=192000000
ProjectManager.ProjectBuild=false
RCC.HSE_VALUE=8000000
PG13.Locked=true
NVIC.UsageFault_IRQn=true\:0\:0\:false\:false\:true\:true\:false
NVIC.DebugMonitor_IRQn=true\:0\:0\:false\:false\:true\:true\:false
PA8.Locked=true
NVIC.SysTick_IRQn=true\:0\:0\:false\:false\:true\:true\:true
RCC.PLLMUL=RCC_PLL_MUL9
PH0/OSC_IN.Locked=true
ProjectManager.FirmwarePackage=STM32Cube FW_F7 V1.16.1
MxDb.Version=DB.6.0.21
PB0.GPIOParameters=GPIO_Label
PA1.GPIOParameters=GPIO_Label
ProjectManager.BackupPrevious=false
RCC.VCOInputFreq_Value=2000000
PC4.GPIO_Label=RMII_RXD0 [LAN8742A-CZ-TR_RXD0]
PA14.Mode=Serial_Wire
PH1/OSC_OUT.Locked=true
File.Version=6
PA10.GPIO_Label=USB_ID
PB3.GPIOParameters=GPIO_Label
PB7.Signal=GPIO_Output
PA8.Signal=USB_OTG_FS_SOF
PB8.Locked=true
NVIC.PendSV_IRQn=true\:0\:0\:false\:false\:true\:true\:false
PC15/OSC32_OUT.Locked=true
PH1/OSC_OUT.Mode=HSE-External-Clock-Source
ProjectManager.HalAssertFull=false
PB0.Locked=true
ProjectManager.ProjectName=imuTest2
RCC.TIM1Freq_Value=72000000
PA13.GPIOParameters=GPIO_Label
RCC.PLLMCOFreq_Value=72000000
PB7.GPIO_Label=LD2 [Blue]
RCC.MCO2PinFreq_Value=72000000
Mcu.Package=LQFP144
PB9.Signal=I2C1_SDA
RCC.TIM15Freq_Value=72000000
PA7.Locked=true
PG11.Locked=true
PG13.GPIOParameters=GPIO_Label
RCC.ADC34outputFreq_Value=72000000
PC14/OSC32_IN.Signal=RCC_OSC32_IN
PA14.Locked=true
ProjectManager.ToolChainLocation=
PA2.GPIO_Label=RMII_MDIO [LAN8742A-CZ-TR_MDIO]
RCC.LSI_VALUE=32000
VP_SYS_VS_Systick.Signal=SYS_VS_Systick
USART3.IPParameters=VirtualMode-Asynchronous,BaudRate
PA10.Signal=USB_OTG_FS_ID
PB14.GPIOParameters=GPIO_Label
RCC.TIM16Freq_Value=72000000
RCC.APB2CLKDivider=RCC_HCLK_DIV2
RCC.CECFreq_Value=32786.88524590164
RCC.APB1TimFreq_Value=72000000
NVIC.BusFault_IRQn=true\:0\:0\:false\:false\:true\:true\:false
PC4.Locked=true
PG11.GPIO_Label=RMII_TX_EN [LAN8742A-CZ-TR_TXEN]
PC5.Signal=ETH_RXD1
PF15.GPIOParameters=GPIO_Label
ProjectManager.CustomerFirmwarePackage=
PC4.GPIOParameters=GPIO_Label
RCC.PLLSAIQCLKFreq_Value=192000000
PB3.Locked=true
PA2.Locked=true
PB3.GPIO_Label=SW0
RCC.PLLSourceVirtual=RCC_PLLSOURCE_HSE
I2C1.Speed=100
RCC.I2SFreq_Value=192000000
RCC.PLLQoutputFreq_Value=48000000
ProjectManager.ProjectFileName=imuTest2.ioc
RCC.ADC12outputFreq_Value=72000000
PG7.Locked=true
PB8.GPIOParameters=GPIO_Label
PG7.Signal=GPIO_Input
RCC.UART7Freq_Value=36000000
TIM5.IPParameters=Prescaler
PB9.GPIO_Label=IMU_SDA
PD9.GPIO_Label=STLK_TX [STM32F103CBT6_PA2]
Mcu.PinsNb=34
ProjectManager.NoMain=false
I2C1.I2C_Fall_Time=150
PC13.Locked=true
PC13.Signal=GPXTI13
PA9.GPIO_Label=USB_VBUS
PC4.Signal=ETH_RXD0
PA11.GPIO_Label=USB_DM
ProjectManager.DefaultFWLocation=true
PD9.Signal=USART3_RX
ProjectManager.DeletePrevious=true
RCC.UART8Freq_Value=36000000
PB14.Locked=true
RCC.APB1CLKDivider=RCC_HCLK_DIV2
RCC.LCDTFToutputFreq_Value=96000000
boardIOC=true
PG13.GPIO_Label=RMII_TXD0 [LAN8742A-CZ-TR_TXD0]
PA12.GPIO_Label=USB_DP
RCC.FamilyName=M
PD8.GPIO_Label=STLK_RX [STM32F103CBT6_PA3]
PB9.GPIOParameters=GPIO_Label
RCC.WatchDogFreq_Value=32000
PA13.Signal=SYS_JTMS-SWDIO
PB8.GPIO_Label=IMU_SCL
PA11.Locked=true
PA8.GPIO_Label=USB_SOF [TP1]
ProjectManager.TargetToolchain=STM32CubeIDE
RCC.USART6Freq_Value=36000000
PB7.GPIOParameters=GPIO_Label
PC5.GPIOParameters=GPIO_Label
PF15.Locked=true
PB9.Mode=I2C
PA9.Signal=USB_OTG_FS_VBUS
I2C1.Timing=0x80111212
ProjectManager.RegisterCallBack=
RCC.USBFreq_Value=48000000
RCC.PLLSAIoutputFreq_Value=192000000
PD8.Mode=Asynchronous
PA1.Signal=ETH_REF_CLK
RCC.VCOI2SOutputFreq_Value=384000000
PB14.Signal=GPIO_Output
PG6.GPIOParameters=GPIO_Label
RCC.PLLSAIPCLKFreq_Value=192000000
board=NUCLEO-F746ZG
RCC.VCOOutputFreq_Value=144000000
ProjectManager.LastFirmware=false
RCC.VCOOutput2Freq_Value=8000000
PH0/OSC_IN.Signal=RCC_OSC_IN
RCC.APB2Freq_Value=36000000
RCC.TIM8Freq_Value=72000000
RCC.UART4Freq_Value=36000000
MxCube.Version=6.2.1
RCC.PRESCALERUSB=RCC_USBCLKSOURCE_PLL_DIV1_5
RCC.I2C1Freq_Value=36000000
RCC.PLLI2SPCLKFreq_Value=192000000
PC13.GPIOParameters=GPIO_Label
PG7.GPIO_Label=USB_OverCurrent [STMPS2151STR_FAULT]
RCC.RNGFreq_Value=48000000
Mcu.Pin30=PB8
PA1.GPIO_Label=RMII_REF_CLK [LAN8742A-CZ-TR_REFCLK0]
PC1.GPIO_Label=RMII_MDC [LAN8742A-CZ-TR_MDC]
PA10.GPIOParameters=GPIO_Label
VP_SYS_VS_Systick.Mode=SysTick
RCC.EthernetFreq_Value=72000000
Mcu.Pin33=VP_TIM5_VS_ClockSourceINT
PF15.GPIO_Label=IMU_INT
Mcu.Pin31=PB9
Mcu.Pin32=VP_SYS_VS_Systick
PA9.Locked=true
PF15.Signal=GPXTI15
NVIC.NonMaskableInt_IRQn=true\:0\:0\:false\:false\:true\:true\:false
RCC.UART5Freq_Value=36000000
PA13.Mode=Serial_Wire
ProjectManager.FreePins=false
RCC.IPParameters=48MHZClocksFreq_Value,ADC12outputFreq_Value,ADC34outputFreq_Value,AHBFreq_Value,APB1CLKDivider,APB1Freq_Value,APB1TimFreq_Value,APB2CLKDivider,APB2Freq_Value,APB2TimFreq_Value,CECFreq_Value,CortexFreq_Value,EthernetFreq_Value,FCLKCortexFreq_Value,FamilyName,HCLKFreq_Value,HSE_VALUE,HSI_VALUE,I2C1Freq_Value,I2C2Freq_Value,I2C3Freq_Value,I2C4Freq_Value,I2SClocksFreq_Value,I2SFreq_Value,LCDTFToutputFreq_Value,LPTIM1Freq_Value,LSI_VALUE,MCO1PinFreq_Value,MCO2PinFreq_Value,MCOFreq_Value,PLLCLKFreq_Value,PLLI2SPCLKFreq_Value,PLLI2SQCLKFreq_Value,PLLI2SRCLKFreq_Value,PLLI2SRoutputFreq_Value,PLLM,PLLMCOFreq_Value,PLLMUL,PLLN,PLLQ,PLLQCLKFreq_Value,PLLQoutputFreq_Value,PLLSAIPCLKFreq_Value,PLLSAIQCLKFreq_Value,PLLSAIRCLKFreq_Value,PLLSAIoutputFreq_Value,PLLSourceVirtual,PRESCALERUSB,RNGFreq_Value,RTCFreq_Value,RTCHSEDivFreq_Value,SAI1Freq_Value,SAI2Freq_Value,SDMMCFreq_Value,SPDIFRXFreq_Value,SYSCLKFreq_VALUE,SYSCLKSource,SYSCLKSourceVirtual,TIM15Freq_Value,TIM16Freq_Value,TIM17Freq_Value,TIM1Freq_Value,TIM20Freq_Value,TIM2Freq_Value,TIM3Freq_Value,TIM8Freq_Value,UART4Freq_Value,UART5Freq_Value,UART7Freq_Value,UART8Freq_Value,USART1Freq_Value,USART2Freq_Value,USART3Freq_Value,USART6Freq_Value,USBFreq_Value,VCOI2SOutputFreq_Value,VCOInputFreq_Value,VCOOutput2Freq_Value,VCOOutputFreq_Value,VCOSAIOutputFreq_Value,VcooutputI2S,WatchDogFreq_Value
ProjectManager.AskForMigrate=true
Mcu.Name=STM32F746ZGTx
RCC.PLLI2SQCLKFreq_Value=192000000
Mcu.Pin26=PG11
Mcu.Pin27=PG13
RCC.RTCHSEDivFreq_Value=4000000
PA2.Signal=ETH_MDIO
PA13.GPIO_Label=TMS
Mcu.Pin24=PA13
ProjectManager.UnderRoot=true
Mcu.Pin25=PA14
Mcu.Pin28=PB3
Mcu.IP6=USART3
Mcu.Pin29=PB7
ProjectManager.CoupleFile=true
RCC.48MHZClocksFreq_Value=24000000
PB3.Signal=SYS_JTDO-SWO
RCC.SYSCLKFreq_VALUE=72000000
Mcu.Pin22=PA11
Mcu.Pin23=PA12
PA1.Locked=true
PA7.GPIO_Label=RMII_CRS_DV [LAN8742A-CZ-TR_CRS_DV]
Mcu.Pin20=PA9
Mcu.Pin21=PA10
PA10.Locked=true
NVIC.ForceEnableDMAVector=true
KeepUserPlacement=false
TIM5.Prescaler=72
PC5.GPIO_Label=RMII_RXD1 [LAN8742A-CZ-TR_RXD1]
PA14.GPIOParameters=GPIO_Label
PC14/OSC32_IN.Locked=true
NVIC.MemoryManagement_IRQn=true\:0\:0\:false\:false\:true\:true\:false
PA13.Locked=true
PC15/OSC32_OUT.Mode=LSE-External-Oscillator
ProjectManager.CompilerOptimize=6
PA11.Signal=USB_OTG_FS_DM
PA14.Signal=SYS_JTCK-SWCLK
ProjectManager.HeapSize=0x200
Mcu.Pin15=PD8
NVIC.HardFault_IRQn=true\:0\:0\:false\:false\:true\:true\:false
Mcu.Pin16=PD9
Mcu.Pin13=PB13
Mcu.Pin14=PB14
Mcu.Pin19=PA8
SH.GPXTI15.ConfNb=1
RCC.TIM20Freq_Value=72000000
ProjectManager.ComputerToolchain=false
Mcu.Pin17=PG6
RCC.HSI_VALUE=16000000
Mcu.Pin18=PG7
RCC.TIM3Freq_Value=72000000
PH0/OSC_IN.GPIO_Label=MCO [STM32F103CBT6_PA8]
RCC.PLLQ=3
NVIC.PriorityGroup=NVIC_PRIORITYGROUP_4
Mcu.Pin11=PB0
SH.GPXTI15.0=GPIO_EXTI15
Mcu.Pin12=PF15
RCC.PLLM=4
PB8.Mode=I2C
RCC.PLLN=72
Mcu.Pin10=PC5
PB7.Locked=true
PB8.Signal=I2C1_SCL
PC15/OSC32_OUT.Signal=RCC_OSC32_OUT
RCC.I2C2Freq_Value=36000000
PD9.Locked=true
RCC.APB1Freq_Value=36000000
PB0.Signal=GPIO_Output
PA7.GPIOParameters=GPIO_Label
ProjectManager.DeviceId=STM32F746ZGTx
PC1.Signal=ETH_MDC
PG7.GPIOParameters=GPIO_Label
ProjectManager.LibraryCopy=1
PG11.GPIOParameters=GPIO_Label
PH0/OSC_IN.GPIOParameters=GPIO_Label
PA7.Signal=ETH_CRS_DV
isbadioc=false
