#MicroXplorer Configuration settings - do not modify
VP_TIM5_VS_ClockSourceINT.Mode=Internal
PB13.GPIOParameters=GPIO_Label
PD12.GPIO_Label=L_ENC_CH1
PC7.GPIOParameters=GPIO_Label
RCC.USART1Freq_Value=36000000
RCC.TIM17Freq_Value=72000000
PE11.GPIOParameters=GPIO_Label
VP_TIM5_VS_ClockSourceINT.Signal=TIM5_VS_ClockSourceINT
TIM1.IPParameters=Channel-PWM Generation1 CH1,Period,Prescaler
RCC.PLLCLKFreq_Value=72000000
PB14.GPIO_Label=LD3 [Red]
I2C1.I2C_Rise_Time=500
RCC.PLLQCLKFreq_Value=48000000
PA14.GPIO_Label=TCK
PG6.GPIO_Label=USB_PowerSwitchOn [STMPS2151STR_EN]
PD8.Locked=true
RCC.RTCFreq_Value=32000
PA6.GPIO_Label=R_ENC_CH1
SH.S_TIM1_CH1.ConfNb=1
PB13.Signal=ETH_TXD1
PG13.Signal=ETH_TXD0
PA2.GPIOParameters=GPIO_Label
PinOutPanel.RotationAngle=0
RCC.MCO1PinFreq_Value=16000000
RCC.SYSCLKSource=RCC_SYSCLKSOURCE_PLLCLK
SH.GPXTI13.0=GPIO_EXTI13
USART3.VirtualMode-Asynchronous=VM_ASYNC
RCC.LPTIM1Freq_Value=36000000
NVIC.SVCall_IRQn=true\:0\:0\:false\:false\:true\:true\:false
USART3.BaudRate=115200
SH.S_TIM3_CH2.ConfNb=1
RCC.I2C4Freq_Value=36000000
TIM2.IPParameters=Channel-PWM Generation1 CH1,Period,Prescaler
RCC.APB2TimFreq_Value=72000000
PC7.Signal=S_TIM3_CH2
PH1/OSC_OUT.Signal=RCC_OSC_OUT
RCC.SAI2Freq_Value=192000000
PD8.Signal=USART3_TX
PB13.Locked=true
RCC.USART3Freq_Value=36000000
NVIC.EXTI15_10_IRQn=true\:0\:0\:false\:false\:true\:true\:true
RCC.PLLSAIRCLKFreq_Value=192000000
ProjectManager.ProjectBuild=false
PG13.Locked=true
NVIC.UsageFault_IRQn=true\:0\:0\:false\:false\:true\:true\:false
PA8.Locked=true
PH0/OSC_IN.Locked=true
ProjectManager.FirmwarePackage=STM32Cube FW_F7 V1.16.1
MxDb.Version=DB.6.0.21
PB0.GPIOParameters=GPIO_Label
PA1.GPIOParameters=GPIO_Label
ProjectManager.BackupPrevious=false
PC4.GPIO_Label=RMII_RXD0 [LAN8742A-CZ-TR_RXD0]
TIM1.Channel-PWM\ Generation1\ CH1=TIM_CHANNEL_1
PE9.Signal=S_TIM1_CH1
PH1/OSC_OUT.Locked=true
SH.S_TIM4_CH2.0=TIM4_CH2,Encoder_Interface
PA8.Signal=USB_OTG_FS_SOF
SH.GPXTI11.ConfNb=1
NVIC.PendSV_IRQn=true\:0\:0\:false\:false\:true\:true\:false
PC15/OSC32_OUT.Locked=true
ProjectManager.HalAssertFull=false
RCC.TIM1Freq_Value=72000000
RCC.PLLMCOFreq_Value=72000000
RCC.MCO2PinFreq_Value=72000000
Mcu.Package=LQFP144
PB9.Signal=I2C1_SDA
TIM2.Prescaler=6
RCC.TIM15Freq_Value=72000000
SH.GPXTI11.0=GPIO_EXTI11
PG13.GPIOParameters=GPIO_Label
RCC.ADC34outputFreq_Value=72000000
PD12.Signal=S_TIM4_CH1
PA14.Locked=true
VP_SYS_VS_Systick.Signal=SYS_VS_Systick
USART3.IPParameters=VirtualMode-Asynchronous,BaudRate
PA10.Signal=USB_OTG_FS_ID
PB14.GPIOParameters=GPIO_Label
RCC.APB2CLKDivider=RCC_HCLK_DIV2
SH.S_TIM4_CH1.0=TIM4_CH1,Encoder_Interface
RCC.CECFreq_Value=32786.88524590164
PF14.Signal=GPIO_Output
RCC.APB1TimFreq_Value=72000000
NVIC.BusFault_IRQn=true\:0\:0\:false\:false\:true\:true\:false
TIM1.Period=255
ProjectManager.CustomerFirmwarePackage=
PC4.GPIOParameters=GPIO_Label
RCC.PLLSAIQCLKFreq_Value=192000000
PA6.GPIOParameters=GPIO_Label
SH.S_TIM4_CH1.ConfNb=1
PA0/WKUP.GPIOParameters=GPIO_Label
RCC.PLLQoutputFreq_Value=48000000
ProjectManager.ProjectFileName=f746.ioc
RCC.ADC12outputFreq_Value=72000000
TIM5.IPParameters=Prescaler
PD9.GPIO_Label=STLK_TX [STM32F103CBT6_PA2]
Mcu.PinsNb=42
I2C1.I2C_Fall_Time=150
PC13.Locked=true
PC13.Signal=GPXTI13
PA9.GPIO_Label=USB_VBUS
PD13.GPIOParameters=GPIO_Label
PA11.GPIO_Label=USB_DM
PF14.GPIO_Label=L_MOTOR_DIR
TIM4.IC2Filter=15
RCC.UART8Freq_Value=36000000
PB14.Locked=true
RCC.APB1CLKDivider=RCC_HCLK_DIV2
PG13.GPIO_Label=RMII_TXD0 [LAN8742A-CZ-TR_TXD0]
SH.S_TIM2_CH1_ETR.ConfNb=1
RCC.WatchDogFreq_Value=32000
PB8.GPIO_Label=IMU_SCL
PA11.Locked=true
PA8.GPIO_Label=USB_SOF [TP1]
TIM3.IC2Filter=15
TIM4.IPParameters=EncoderMode,IC1Filter,IC2Filter
RCC.USART6Freq_Value=36000000
PA9.Signal=USB_OTG_FS_VBUS
I2C1.Timing=0x60311419
PE9.GPIO_Label=R_MOTOR_PWM
PD8.Mode=Asynchronous
PB14.Signal=GPIO_Output
PG6.GPIOParameters=GPIO_Label
Mcu.Pin40=VP_SYS_VS_Systick
Mcu.Pin41=VP_TIM5_VS_ClockSourceINT
TIM3.IC1Filter=15
ProjectManager.LastFirmware=true
NVIC.TIM3_IRQn=true\:0\:0\:false\:false\:true\:true\:true
Mcu.Pin37=PB7
Mcu.Pin38=PB8
RCC.PRESCALERUSB=RCC_USBCLKSOURCE_PLL_DIV1_5
Mcu.Pin35=PG13
RCC.I2C1Freq_Value=36000000
Mcu.Pin36=PB3
RCC.PLLI2SPCLKFreq_Value=192000000
PG7.GPIO_Label=USB_OverCurrent [STMPS2151STR_FAULT]
Mcu.Pin39=PB9
RCC.RNGFreq_Value=48000000
Mcu.Pin30=PA11
PA1.GPIO_Label=RMII_REF_CLK [LAN8742A-CZ-TR_REFCLK0]
RCC.EthernetFreq_Value=72000000
Mcu.Pin33=PA14
TIM3.IPParameters=EncoderMode,IC1Filter,IC2Filter
PA0/WKUP.GPIO_Label=L_MOTOR_PWM
Mcu.Pin34=PG11
Mcu.Pin31=PA12
Mcu.Pin32=PA13
PA9.Locked=true
NVIC.NonMaskableInt_IRQn=true\:0\:0\:false\:false\:true\:true\:false
TIM2.Period=255
PA13.Mode=Serial_Wire
ProjectManager.FreePins=false
RCC.PLLI2SQCLKFreq_Value=192000000
Mcu.Pin26=PC7
Mcu.Pin27=PA8
RCC.RTCHSEDivFreq_Value=4000000
Mcu.Pin24=PG6
ProjectManager.UnderRoot=true
Mcu.Pin25=PG7
PC7.GPIO_Label=R_INC_CH2
Mcu.Pin28=PA9
Mcu.Pin29=PA10
Mcu.Pin22=PD12
Mcu.Pin23=PD13
Mcu.Pin20=PD8
Mcu.Pin21=PD9
PA10.Locked=true
NVIC.ForceEnableDMAVector=true
PA14.GPIOParameters=GPIO_Label
PC14/OSC32_IN.Locked=true
NVIC.MemoryManagement_IRQn=true\:0\:0\:false\:false\:true\:true\:false
ProjectManager.CompilerOptimize=6
PA11.Signal=USB_OTG_FS_DM
SH.S_TIM2_CH1_ETR.0=TIM2_CH1,PWM Generation1 CH1
ProjectManager.HeapSize=0x200
Mcu.Pin15=PF15
NVIC.HardFault_IRQn=true\:0\:0\:false\:false\:true\:true\:false
Mcu.Pin16=PE9
Mcu.Pin13=PB0
Mcu.Pin14=PF14
Mcu.Pin19=PB14
SH.S_TIM3_CH1.ConfNb=1
ProjectManager.ComputerToolchain=false
Mcu.Pin17=PE11
Mcu.Pin18=PB13
RCC.TIM3Freq_Value=72000000
NVIC.PriorityGroup=NVIC_PRIORITYGROUP_4
Mcu.Pin11=PC4
Mcu.Pin12=PC5
PB8.Mode=I2C
Mcu.Pin10=PA7
PC15/OSC32_OUT.Signal=RCC_OSC32_OUT
RCC.I2C2Freq_Value=36000000
PB0.Signal=GPIO_Output
PA7.GPIOParameters=GPIO_Label
PC1.Signal=ETH_MDC
PG7.GPIOParameters=GPIO_Label
PH0/OSC_IN.GPIOParameters=GPIO_Label
Mcu.Family=STM32F7
NVIC.USART3_IRQn=true\:0\:0\:false\:false\:true\:true\:true
ProjectManager.MainLocation=Core/Src
RCC.MCOFreq_Value=72000000
SH.S_TIM4_CH2.ConfNb=1
RCC.SAI1Freq_Value=192000000
RCC.CortexFreq_Value=72000000
PG6.Signal=GPIO_Output
ProjectManager.KeepUserCode=true
Mcu.UserName=STM32F746ZGTx
PD9.GPIOParameters=GPIO_Label
PE11.GPIO_Label=IMU_INT
PG6.Locked=true
TIM4.EncoderMode=TIM_ENCODERMODE_TI12
PC5.Locked=true
RCC.SYSCLKSourceVirtual=RCC_SYSCLKSOURCE_PLLCLK
PA12.GPIOParameters=GPIO_Label
TIM3.EncoderMode=TIM_ENCODERMODE_TI12
ProjectManager.functionlistsort=1-MX_GPIO_Init-GPIO-false-HAL-true,2-SystemClock_Config-RCC-false-HAL-false,3-MX_USART3_UART_Init-USART3-false-LL-true,4-MX_I2C1_Init-I2C1-false-HAL-true,5-MX_TIM1_Init-TIM1-false-HAL-true,6-MX_TIM2_Init-TIM2-false-HAL-true,7-MX_TIM3_Init-TIM3-false-HAL-true,8-MX_TIM4_Init-TIM4-false-HAL-true,9-MX_TIM5_Init-TIM5-false-HAL-true,0-MX_CORTEX_M7_Init-CORTEX_M7-false-HAL-true
PA9.GPIOParameters=GPIO_Label
PA11.GPIOParameters=GPIO_Label
PA0/WKUP.Signal=S_TIM2_CH1_ETR
PB0.GPIO_Label=LD1 [Green]
PC14/OSC32_IN.Mode=LSE-External-Oscillator
RCC.PLLI2SRCLKFreq_Value=192000000
RCC.USART2Freq_Value=36000000
PC13.GPIO_Label=USER_Btn [B1]
PC1.Locked=true
PB13.GPIO_Label=RMII_TXD1 [LAN8742A-CZ-TR_TXD1]
PD9.Mode=Asynchronous
PG11.Signal=ETH_TX_EN
ProjectManager.StackSize=0x400
RCC.I2C3Freq_Value=36000000
PD13.Signal=S_TIM4_CH2
Mcu.IP4=SYS
RCC.FCLKCortexFreq_Value=72000000
Mcu.IP5=TIM1
Mcu.IP2=NVIC
I2C1.IPParameters=Timing,I2C_Rise_Time,I2C_Fall_Time
Mcu.IP3=RCC
Mcu.IP0=CORTEX_M7
PA12.Locked=true
Mcu.IP1=I2C1
PA12.Signal=USB_OTG_FS_DP
TIM1.Prescaler=6
Mcu.UserConstants=
PC1.GPIOParameters=GPIO_Label
RCC.SDMMCFreq_Value=72000000
SH.GPXTI13.ConfNb=1
Mcu.ThirdPartyNb=0
PH0/OSC_IN.Mode=HSE-External-Clock-Source
RCC.HCLKFreq_Value=72000000
RCC.PLLI2SRoutputFreq_Value=192000000
RCC.I2SClocksFreq_Value=48000000
Mcu.IPNb=11
ProjectManager.PreviousToolchain=
RCC.SPDIFRXFreq_Value=192000000
RCC.VcooutputI2S=48000000
PD8.GPIOParameters=GPIO_Label
PA8.GPIOParameters=GPIO_Label
Mcu.Pin6=PA0/WKUP
Mcu.Pin7=PA1
Mcu.Pin8=PA2
Mcu.Pin9=PA6
RCC.VCOSAIOutputFreq_Value=384000000
RCC.AHBFreq_Value=72000000
RCC.TIM2Freq_Value=72000000
Mcu.Pin0=PC13
Mcu.Pin1=PC14/OSC32_IN
GPIO.groupedBy=Group By Peripherals
Mcu.Pin2=PC15/OSC32_OUT
Mcu.Pin3=PH0/OSC_IN
Mcu.Pin4=PH1/OSC_OUT
Mcu.Pin5=PC1
RCC.HSE_VALUE=8000000
NVIC.DebugMonitor_IRQn=true\:0\:0\:false\:false\:true\:true\:false
Mcu.IP10=USART3
NVIC.SysTick_IRQn=true\:0\:0\:false\:false\:true\:true\:true
RCC.PLLMUL=RCC_PLL_MUL9
RCC.VCOInputFreq_Value=2000000
PA14.Mode=Serial_Wire
File.Version=6
PA10.GPIO_Label=USB_ID
PB3.GPIOParameters=GPIO_Label
PB7.Signal=GPIO_Output
PB8.Locked=true
TIM2.Channel-PWM\ Generation1\ CH1=TIM_CHANNEL_1
SH.S_TIM3_CH1.0=TIM3_CH1,Encoder_Interface
PH1/OSC_OUT.Mode=HSE-External-Clock-Source
PB0.Locked=true
ProjectManager.ProjectName=f746
PA13.GPIOParameters=GPIO_Label
PB7.GPIO_Label=LD2 [Blue]
PD13.GPIO_Label=L_ENC_CH2
PA6.Signal=S_TIM3_CH1
PA7.Locked=true
PG11.Locked=true
PC14/OSC32_IN.Signal=RCC_OSC32_IN
ProjectManager.ToolChainLocation=
PA2.GPIO_Label=RMII_MDIO [LAN8742A-CZ-TR_MDIO]
RCC.LSI_VALUE=32000
TIM4.IC1Filter=15
RCC.TIM16Freq_Value=72000000
PC4.Locked=true
PG11.GPIO_Label=RMII_TX_EN [LAN8742A-CZ-TR_TXEN]
PC5.Signal=ETH_RXD1
PF15.GPIOParameters=GPIO_Label
PB3.Locked=true
PA2.Locked=true
PB3.GPIO_Label=SW0
RCC.PLLSourceVirtual=RCC_PLLSOURCE_HSE
RCC.I2SFreq_Value=192000000
PG7.Locked=true
PB8.GPIOParameters=GPIO_Label
RCC.UART7Freq_Value=36000000
PG7.Signal=GPIO_Input
PB9.GPIO_Label=IMU_SDA
ProjectManager.NoMain=false
PC4.Signal=ETH_RXD0
ProjectManager.DefaultFWLocation=true
PD9.Signal=USART3_RX
ProjectManager.DeletePrevious=true
RCC.LCDTFToutputFreq_Value=96000000
boardIOC=true
PA12.GPIO_Label=USB_DP
RCC.FamilyName=M
PE9.GPIOParameters=GPIO_Label
PD8.GPIO_Label=STLK_RX [STM32F103CBT6_PA3]
PB9.GPIOParameters=GPIO_Label
PA13.Signal=SYS_JTMS-SWDIO
SH.S_TIM1_CH1.0=TIM1_CH1,PWM Generation1 CH1
PD12.GPIOParameters=GPIO_Label
ProjectManager.TargetToolchain=STM32CubeIDE
PB7.GPIOParameters=GPIO_Label
PC5.GPIOParameters=GPIO_Label
PF15.Locked=true
PB9.Mode=I2C
ProjectManager.RegisterCallBack=
RCC.USBFreq_Value=48000000
RCC.PLLSAIoutputFreq_Value=192000000
PE11.Signal=GPXTI11
PA1.Signal=ETH_REF_CLK
RCC.VCOI2SOutputFreq_Value=384000000
SH.S_TIM3_CH2.0=TIM3_CH2,Encoder_Interface
RCC.PLLSAIPCLKFreq_Value=192000000
board=NUCLEO-F746ZG
RCC.VCOOutputFreq_Value=144000000
PF14.GPIOParameters=GPIO_Label
RCC.VCOOutput2Freq_Value=8000000
PH0/OSC_IN.Signal=RCC_OSC_IN
RCC.APB2Freq_Value=36000000
RCC.TIM8Freq_Value=72000000
RCC.UART4Freq_Value=36000000
MxCube.Version=6.2.1
PC13.GPIOParameters=GPIO_Label
VP_SYS_VS_Systick.Mode=SysTick
PA10.GPIOParameters=GPIO_Label
PC1.GPIO_Label=RMII_MDC [LAN8742A-CZ-TR_MDC]
PF15.GPIO_Label=R_MOTOR_DIR
PF15.Signal=GPIO_Output
PF14.Locked=true
RCC.UART5Freq_Value=36000000
RCC.IPParameters=48MHZClocksFreq_Value,ADC12outputFreq_Value,ADC34outputFreq_Value,AHBFreq_Value,APB1CLKDivider,APB1Freq_Value,APB1TimFreq_Value,APB2CLKDivider,APB2Freq_Value,APB2TimFreq_Value,CECFreq_Value,CortexFreq_Value,EthernetFreq_Value,FCLKCortexFreq_Value,FamilyName,HCLKFreq_Value,HSE_VALUE,HSI_VALUE,I2C1Freq_Value,I2C2Freq_Value,I2C3Freq_Value,I2C4Freq_Value,I2SClocksFreq_Value,I2SFreq_Value,LCDTFToutputFreq_Value,LPTIM1Freq_Value,LSI_VALUE,MCO1PinFreq_Value,MCO2PinFreq_Value,MCOFreq_Value,PLLCLKFreq_Value,PLLI2SPCLKFreq_Value,PLLI2SQCLKFreq_Value,PLLI2SRCLKFreq_Value,PLLI2SRoutputFreq_Value,PLLM,PLLMCOFreq_Value,PLLMUL,PLLN,PLLQ,PLLQCLKFreq_Value,PLLQoutputFreq_Value,PLLSAIPCLKFreq_Value,PLLSAIQCLKFreq_Value,PLLSAIRCLKFreq_Value,PLLSAIoutputFreq_Value,PLLSourceVirtual,PRESCALERUSB,RNGFreq_Value,RTCFreq_Value,RTCHSEDivFreq_Value,SAI1Freq_Value,SAI2Freq_Value,SDMMCFreq_Value,SPDIFRXFreq_Value,SYSCLKFreq_VALUE,SYSCLKSource,SYSCLKSourceVirtual,TIM15Freq_Value,TIM16Freq_Value,TIM17Freq_Value,TIM1Freq_Value,TIM20Freq_Value,TIM2Freq_Value,TIM3Freq_Value,TIM8Freq_Value,UART4Freq_Value,UART5Freq_Value,UART7Freq_Value,UART8Freq_Value,USART1Freq_Value,USART2Freq_Value,USART3Freq_Value,USART6Freq_Value,USBFreq_Value,VCOI2SOutputFreq_Value,VCOInputFreq_Value,VCOOutput2Freq_Value,VCOOutputFreq_Value,VCOSAIOutputFreq_Value,VcooutputI2S,WatchDogFreq_Value
PE11.Locked=true
ProjectManager.AskForMigrate=true
Mcu.Name=STM32F746ZGTx
PA2.Signal=ETH_MDIO
PA13.GPIO_Label=TMS
Mcu.IP8=TIM4
Mcu.IP9=TIM5
Mcu.IP6=TIM2
Mcu.IP7=TIM3
ProjectManager.CoupleFile=true
RCC.48MHZClocksFreq_Value=24000000
PB3.Signal=SYS_JTDO-SWO
RCC.SYSCLKFreq_VALUE=72000000
PA7.GPIO_Label=RMII_CRS_DV [LAN8742A-CZ-TR_CRS_DV]
PA1.Locked=true
KeepUserPlacement=false
TIM5.Prescaler=72
PC5.GPIO_Label=RMII_RXD1 [LAN8742A-CZ-TR_RXD1]
PA13.Locked=true
PC15/OSC32_OUT.Mode=LSE-External-Oscillator
PA14.Signal=SYS_JTCK-SWCLK
RCC.TIM20Freq_Value=72000000
RCC.HSI_VALUE=16000000
PH0/OSC_IN.GPIO_Label=MCO [STM32F103CBT6_PA8]
RCC.PLLQ=3
RCC.PLLM=4
RCC.PLLN=72
PB7.Locked=true
PB8.Signal=I2C1_SCL
NVIC.TIM4_IRQn=true\:0\:0\:false\:false\:true\:true\:true
PD9.Locked=true
RCC.APB1Freq_Value=36000000
ProjectManager.DeviceId=STM32F746ZGTx
ProjectManager.LibraryCopy=1
PG11.GPIOParameters=GPIO_Label
PA7.Signal=ETH_CRS_DV
isbadioc=false
